
Microsoft Visual Studio Solution File, Format Version 12.00
# Visual Studio 15
VisualStudioVersion = 15.0.28307.329
MinimumVisualStudioVersion = 10.0.40219.1
Project("{8BC9CEB8-8B4A-11D0-8D11-00A0C91BC942}") = "WindowsProject1", "WindowsProject1\WindowsProject1.vcxproj", "{B5AED66B-2035-4EA3-A09F-02F358C7098C}"
EndProject
Global
	GlobalSection(SolutionConfigurationPlatforms) = preSolution
		Debug|x64 = Debug|x64
		Debug|x86 = Debug|x86
		Release|x64 = Release|x64
		Release|x86 = Release|x86
	EndGlobalSection
	GlobalSection(ProjectConfigurationPlatforms) = postSolution
		{B5AED66B-2035-4EA3-A09F-02F358C7098C}.Debug|x64.ActiveCfg = Debug|x64
		{B5AED66B-2035-4EA3-A09F-02F358C7098C}.Debug|x64.Build.0 = Debug|x64
		{B5AED66B-2035-4EA3-A09F-02F358C7098C}.Debug|x86.ActiveCfg = Debug|Win32
		{B5AED66B-2035-4EA3-A09F-02F358C7098C}.Debug|x86.Build.0 = Debug|Win32
		{B5AED66B-2035-4EA3-A09F-02F358C7098C}.Release|x64.ActiveCfg = Release|x64
		{B5AED66B-2035-4EA3-A09F-02F358C7098C}.Release|x64.Build.0 = Release|x64
		{B5AED66B-2035-4EA3-A09F-02F358C7098C}.Release|x86.ActiveCfg = Release|Win32
		{B5AED66B-2035-4EA3-A09F-02F358C7098C}.Release|x86.Build.0 = Release|Win32
	EndGlobalSection
	GlobalSection(SolutionProperties) = preSolution
		HideSolutionNode = FALSE
	EndGlobalSection
	GlobalSection(ExtensibilityGlobals) = postSolution
		SolutionGuid = {13601572-A4E6-4285-9396-A90D2188B3AE}
	EndGlobalSection
EndGlobal
