
Microsoft Visual Studio Solution File, Format Version 12.00
# Visual Studio 15
VisualStudioVersion = 15.0.28307.329
MinimumVisualStudioVersion = 10.0.40219.1
Project("{8BC9CEB8-8B4A-11D0-8D11-00A0C91BC942}") = "12DLL", "12DLL\12DLL.vcxproj", "{EA8CA8EE-94A5-4714-9E82-6FC62A4A552A}"
EndProject
Project("{8BC9CEB8-8B4A-11D0-8D11-00A0C91BC942}") = "12exe", "12exe\12exe.vcxproj", "{C425E5CA-0018-4EB2-9B12-63430ABD2FFD}"
EndProject
Global
	GlobalSection(SolutionConfigurationPlatforms) = preSolution
		Debug|x64 = Debug|x64
		Debug|x86 = Debug|x86
		Release|x64 = Release|x64
		Release|x86 = Release|x86
	EndGlobalSection
	GlobalSection(ProjectConfigurationPlatforms) = postSolution
		{EA8CA8EE-94A5-4714-9E82-6FC62A4A552A}.Debug|x64.ActiveCfg = Debug|x64
		{EA8CA8EE-94A5-4714-9E82-6FC62A4A552A}.Debug|x64.Build.0 = Debug|x64
		{EA8CA8EE-94A5-4714-9E82-6FC62A4A552A}.Debug|x86.ActiveCfg = Debug|Win32
		{EA8CA8EE-94A5-4714-9E82-6FC62A4A552A}.Debug|x86.Build.0 = Debug|Win32
		{EA8CA8EE-94A5-4714-9E82-6FC62A4A552A}.Release|x64.ActiveCfg = Release|x64
		{EA8CA8EE-94A5-4714-9E82-6FC62A4A552A}.Release|x64.Build.0 = Release|x64
		{EA8CA8EE-94A5-4714-9E82-6FC62A4A552A}.Release|x86.ActiveCfg = Release|Win32
		{EA8CA8EE-94A5-4714-9E82-6FC62A4A552A}.Release|x86.Build.0 = Release|Win32
		{C425E5CA-0018-4EB2-9B12-63430ABD2FFD}.Debug|x64.ActiveCfg = Debug|x64
		{C425E5CA-0018-4EB2-9B12-63430ABD2FFD}.Debug|x64.Build.0 = Debug|x64
		{C425E5CA-0018-4EB2-9B12-63430ABD2FFD}.Debug|x86.ActiveCfg = Debug|Win32
		{C425E5CA-0018-4EB2-9B12-63430ABD2FFD}.Debug|x86.Build.0 = Debug|Win32
		{C425E5CA-0018-4EB2-9B12-63430ABD2FFD}.Release|x64.ActiveCfg = Release|x64
		{C425E5CA-0018-4EB2-9B12-63430ABD2FFD}.Release|x64.Build.0 = Release|x64
		{C425E5CA-0018-4EB2-9B12-63430ABD2FFD}.Release|x86.ActiveCfg = Release|Win32
		{C425E5CA-0018-4EB2-9B12-63430ABD2FFD}.Release|x86.Build.0 = Release|Win32
	EndGlobalSection
	GlobalSection(SolutionProperties) = preSolution
		HideSolutionNode = FALSE
	EndGlobalSection
	GlobalSection(ExtensibilityGlobals) = postSolution
		SolutionGuid = {088387B7-7026-4CB8-B5B4-5E71D82F9371}
	EndGlobalSection
EndGlobal
