
Microsoft Visual Studio Solution File, Format Version 12.00
# Visual Studio 15
VisualStudioVersion = 15.0.28307.329
MinimumVisualStudioVersion = 10.0.40219.1
Project("{8BC9CEB8-8B4A-11D0-8D11-00A0C91BC942}") = "6_1", "6_1\6_1.vcxproj", "{A5024C0A-F7E4-4D0A-8B4F-D8A53AD62ED8}"
EndProject
Global
	GlobalSection(SolutionConfigurationPlatforms) = preSolution
		Debug|x64 = Debug|x64
		Debug|x86 = Debug|x86
		Release|x64 = Release|x64
		Release|x86 = Release|x86
	EndGlobalSection
	GlobalSection(ProjectConfigurationPlatforms) = postSolution
		{A5024C0A-F7E4-4D0A-8B4F-D8A53AD62ED8}.Debug|x64.ActiveCfg = Debug|x64
		{A5024C0A-F7E4-4D0A-8B4F-D8A53AD62ED8}.Debug|x64.Build.0 = Debug|x64
		{A5024C0A-F7E4-4D0A-8B4F-D8A53AD62ED8}.Debug|x86.ActiveCfg = Debug|Win32
		{A5024C0A-F7E4-4D0A-8B4F-D8A53AD62ED8}.Debug|x86.Build.0 = Debug|Win32
		{A5024C0A-F7E4-4D0A-8B4F-D8A53AD62ED8}.Release|x64.ActiveCfg = Release|x64
		{A5024C0A-F7E4-4D0A-8B4F-D8A53AD62ED8}.Release|x64.Build.0 = Release|x64
		{A5024C0A-F7E4-4D0A-8B4F-D8A53AD62ED8}.Release|x86.ActiveCfg = Release|Win32
		{A5024C0A-F7E4-4D0A-8B4F-D8A53AD62ED8}.Release|x86.Build.0 = Release|Win32
	EndGlobalSection
	GlobalSection(SolutionProperties) = preSolution
		HideSolutionNode = FALSE
	EndGlobalSection
	GlobalSection(ExtensibilityGlobals) = postSolution
		SolutionGuid = {E4209079-30D3-4B33-8D30-C2F029D63019}
	EndGlobalSection
EndGlobal
