
Microsoft Visual Studio Solution File, Format Version 12.00
# Visual Studio 15
VisualStudioVersion = 15.0.28307.329
MinimumVisualStudioVersion = 10.0.40219.1
Project("{8BC9CEB8-8B4A-11D0-8D11-00A0C91BC942}") = "10", "10\10.vcxproj", "{E8806A60-3571-47BD-BAF8-F40C75578439}"
EndProject
Project("{8BC9CEB8-8B4A-11D0-8D11-00A0C91BC942}") = "10_5zad", "10_5zad\10_5zad.vcxproj", "{40F52EA1-014A-494C-B876-9D8D814283BD}"
EndProject
Global
	GlobalSection(SolutionConfigurationPlatforms) = preSolution
		Debug|x64 = Debug|x64
		Debug|x86 = Debug|x86
		Release|x64 = Release|x64
		Release|x86 = Release|x86
	EndGlobalSection
	GlobalSection(ProjectConfigurationPlatforms) = postSolution
		{E8806A60-3571-47BD-BAF8-F40C75578439}.Debug|x64.ActiveCfg = Debug|x64
		{E8806A60-3571-47BD-BAF8-F40C75578439}.Debug|x64.Build.0 = Debug|x64
		{E8806A60-3571-47BD-BAF8-F40C75578439}.Debug|x86.ActiveCfg = Debug|Win32
		{E8806A60-3571-47BD-BAF8-F40C75578439}.Debug|x86.Build.0 = Debug|Win32
		{E8806A60-3571-47BD-BAF8-F40C75578439}.Release|x64.ActiveCfg = Release|x64
		{E8806A60-3571-47BD-BAF8-F40C75578439}.Release|x64.Build.0 = Release|x64
		{E8806A60-3571-47BD-BAF8-F40C75578439}.Release|x86.ActiveCfg = Release|Win32
		{E8806A60-3571-47BD-BAF8-F40C75578439}.Release|x86.Build.0 = Release|Win32
		{40F52EA1-014A-494C-B876-9D8D814283BD}.Debug|x64.ActiveCfg = Debug|x64
		{40F52EA1-014A-494C-B876-9D8D814283BD}.Debug|x64.Build.0 = Debug|x64
		{40F52EA1-014A-494C-B876-9D8D814283BD}.Debug|x86.ActiveCfg = Debug|Win32
		{40F52EA1-014A-494C-B876-9D8D814283BD}.Debug|x86.Build.0 = Debug|Win32
		{40F52EA1-014A-494C-B876-9D8D814283BD}.Release|x64.ActiveCfg = Release|x64
		{40F52EA1-014A-494C-B876-9D8D814283BD}.Release|x64.Build.0 = Release|x64
		{40F52EA1-014A-494C-B876-9D8D814283BD}.Release|x86.ActiveCfg = Release|Win32
		{40F52EA1-014A-494C-B876-9D8D814283BD}.Release|x86.Build.0 = Release|Win32
	EndGlobalSection
	GlobalSection(SolutionProperties) = preSolution
		HideSolutionNode = FALSE
	EndGlobalSection
	GlobalSection(ExtensibilityGlobals) = postSolution
		SolutionGuid = {340E263A-F81A-454F-8B8B-3F64F5F9D691}
	EndGlobalSection
EndGlobal
