
Microsoft Visual Studio Solution File, Format Version 12.00
# Visual Studio 15
VisualStudioVersion = 15.0.28307.329
MinimumVisualStudioVersion = 10.0.40219.1
Project("{8BC9CEB8-8B4A-11D0-8D11-00A0C91BC942}") = "13", "13\13.vcxproj", "{2D5C933A-31E1-407F-B324-72E16AB51952}"
EndProject
Global
	GlobalSection(SolutionConfigurationPlatforms) = preSolution
		Debug|x64 = Debug|x64
		Debug|x86 = Debug|x86
		Release|x64 = Release|x64
		Release|x86 = Release|x86
	EndGlobalSection
	GlobalSection(ProjectConfigurationPlatforms) = postSolution
		{2D5C933A-31E1-407F-B324-72E16AB51952}.Debug|x64.ActiveCfg = Debug|x64
		{2D5C933A-31E1-407F-B324-72E16AB51952}.Debug|x64.Build.0 = Debug|x64
		{2D5C933A-31E1-407F-B324-72E16AB51952}.Debug|x86.ActiveCfg = Debug|Win32
		{2D5C933A-31E1-407F-B324-72E16AB51952}.Debug|x86.Build.0 = Debug|Win32
		{2D5C933A-31E1-407F-B324-72E16AB51952}.Release|x64.ActiveCfg = Release|x64
		{2D5C933A-31E1-407F-B324-72E16AB51952}.Release|x64.Build.0 = Release|x64
		{2D5C933A-31E1-407F-B324-72E16AB51952}.Release|x86.ActiveCfg = Release|Win32
		{2D5C933A-31E1-407F-B324-72E16AB51952}.Release|x86.Build.0 = Release|Win32
	EndGlobalSection
	GlobalSection(SolutionProperties) = preSolution
		HideSolutionNode = FALSE
	EndGlobalSection
	GlobalSection(ExtensibilityGlobals) = postSolution
		SolutionGuid = {5039C377-C839-4F2A-BFCB-D6316DA510B4}
	EndGlobalSection
EndGlobal
